// !$*UTF8*$!
{
	archiveVersion = 1;
	classes = {
	};
	objectVersion = 46;
	objects = {

/* Begin PBXBuildFile section */
		F7CA760D1D7F066F00A623F6 /* AppDelegate.swift in Sources */ = {isa = PBXBuildFile; fileRef = F7CA760C1D7F066F00A623F6 /* AppDelegate.swift */; };
		F7CA760F1D7F066F00A623F6 /* ViewController.swift in Sources */ = {isa = PBXBuildFile; fileRef = F7CA760E1D7F066F00A623F6 /* ViewController.swift */; };
		F7CA76121D7F066F00A623F6 /* Main.storyboard in Resources */ = {isa = PBXBuildFile; fileRef = F7CA76101D7F066F00A623F6 /* Main.storyboard */; };
		F7CA76141D7F066F00A623F6 /* Assets.xcassets in Resources */ = {isa = PBXBuildFile; fileRef = F7CA76131D7F066F00A623F6 /* Assets.xcassets */; };
		F7CA76171D7F066F00A623F6 /* LaunchScreen.storyboard in Resources */ = {isa = PBXBuildFile; fileRef = F7CA76151D7F066F00A623F6 /* LaunchScreen.storyboard */; };
		F7CA761C1D7F066F00A623F6 /* HealthKitWorkout WatchKit App.app in Embed Watch Content */ = {isa = PBXBuildFile; fileRef = F7CA761B1D7F066F00A623F6 /* HealthKitWorkout WatchKit App.app */; };
		F7CA76221D7F066F00A623F6 /* Interface.storyboard in Resources */ = {isa = PBXBuildFile; fileRef = F7CA76201D7F066F00A623F6 /* Interface.storyboard */; };
		F7CA76241D7F066F00A623F6 /* Assets.xcassets in Resources */ = {isa = PBXBuildFile; fileRef = F7CA76231D7F066F00A623F6 /* Assets.xcassets */; };
		F7CA762B1D7F066F00A623F6 /* HealthKitWorkout WatchKit Extension.appex in Embed App Extensions */ = {isa = PBXBuildFile; fileRef = F7CA762A1D7F066F00A623F6 /* HealthKitWorkout WatchKit Extension.appex */; settings = {ATTRIBUTES = (RemoveHeadersOnCopy, ); }; };
		F7CA76301D7F066F00A623F6 /* InterfaceController.swift in Sources */ = {isa = PBXBuildFile; fileRef = F7CA762F1D7F066F00A623F6 /* InterfaceController.swift */; };
		F7CA76321D7F066F00A623F6 /* ExtensionDelegate.swift in Sources */ = {isa = PBXBuildFile; fileRef = F7CA76311D7F066F00A623F6 /* ExtensionDelegate.swift */; };
		F7CA76341D7F066F00A623F6 /* Assets.xcassets in Resources */ = {isa = PBXBuildFile; fileRef = F7CA76331D7F066F00A623F6 /* Assets.xcassets */; };
/* End PBXBuildFile section */

/* Begin PBXContainerItemProxy section */
		F7CA761D1D7F066F00A623F6 /* PBXContainerItemProxy */ = {
			isa = PBXContainerItemProxy;
			containerPortal = F7CA76011D7F066F00A623F6 /* Project object */;
			proxyType = 1;
			remoteGlobalIDString = F7CA761A1D7F066F00A623F6;
			remoteInfo = "HealthKitWorkout WatchKit App";
		};
		F7CA762C1D7F066F00A623F6 /* PBXContainerItemProxy */ = {
			isa = PBXContainerItemProxy;
			containerPortal = F7CA76011D7F066F00A623F6 /* Project object */;
			proxyType = 1;
			remoteGlobalIDString = F7CA76291D7F066F00A623F6;
			remoteInfo = "HealthKitWorkout WatchKit Extension";
		};
/* End PBXContainerItemProxy section */

/* Begin PBXCopyFilesBuildPhase section */
		F7CA763B1D7F066F00A623F6 /* Embed App Extensions */ = {
			isa = PBXCopyFilesBuildPhase;
			buildActionMask = 2147483647;
			dstPath = "";
			dstSubfolderSpec = 13;
			files = (
				F7CA762B1D7F066F00A623F6 /* HealthKitWorkout WatchKit Extension.appex in Embed App Extensions */,
			);
			name = "Embed App Extensions";
			runOnlyForDeploymentPostprocessing = 0;
		};
		F7CA763F1D7F066F00A623F6 /* Embed Watch Content */ = {
			isa = PBXCopyFilesBuildPhase;
			buildActionMask = 2147483647;
			dstPath = "$(CONTENTS_FOLDER_PATH)/Watch";
			dstSubfolderSpec = 16;
			files = (
				F7CA761C1D7F066F00A623F6 /* HealthKitWorkout WatchKit App.app in Embed Watch Content */,
			);
			name = "Embed Watch Content";
			runOnlyForDeploymentPostprocessing = 0;
		};
/* End PBXCopyFilesBuildPhase section */

/* Begin PBXFileReference section */
		F7CA76091D7F066F00A623F6 /* HealthKitWorkout.app */ = {isa = PBXFileReference; explicitFileType = wrapper.application; includeInIndex = 0; path = HealthKitWorkout.app; sourceTree = BUILT_PRODUCTS_DIR; };
		F7CA760C1D7F066F00A623F6 /* AppDelegate.swift */ = {isa = PBXFileReference; lastKnownFileType = sourcecode.swift; path = AppDelegate.swift; sourceTree = "<group>"; };
		F7CA760E1D7F066F00A623F6 /* ViewController.swift */ = {isa = PBXFileReference; lastKnownFileType = sourcecode.swift; path = ViewController.swift; sourceTree = "<group>"; };
		F7CA76111D7F066F00A623F6 /* Base */ = {isa = PBXFileReference; lastKnownFileType = file.storyboard; name = Base; path = Base.lproj/Main.storyboard; sourceTree = "<group>"; };
		F7CA76131D7F066F00A623F6 /* Assets.xcassets */ = {isa = PBXFileReference; lastKnownFileType = folder.assetcatalog; path = Assets.xcassets; sourceTree = "<group>"; };
		F7CA76161D7F066F00A623F6 /* Base */ = {isa = PBXFileReference; lastKnownFileType = file.storyboard; name = Base; path = Base.lproj/LaunchScreen.storyboard; sourceTree = "<group>"; };
		F7CA76181D7F066F00A623F6 /* Info.plist */ = {isa = PBXFileReference; lastKnownFileType = text.plist.xml; path = Info.plist; sourceTree = "<group>"; };
		F7CA761B1D7F066F00A623F6 /* HealthKitWorkout WatchKit App.app */ = {isa = PBXFileReference; explicitFileType = wrapper.application; includeInIndex = 0; path = "HealthKitWorkout WatchKit App.app"; sourceTree = BUILT_PRODUCTS_DIR; };
		F7CA76211D7F066F00A623F6 /* Base */ = {isa = PBXFileReference; lastKnownFileType = file.storyboard; name = Base; path = Base.lproj/Interface.storyboard; sourceTree = "<group>"; };
		F7CA76231D7F066F00A623F6 /* Assets.xcassets */ = {isa = PBXFileReference; lastKnownFileType = folder.assetcatalog; path = Assets.xcassets; sourceTree = "<group>"; };
		F7CA76251D7F066F00A623F6 /* Info.plist */ = {isa = PBXFileReference; lastKnownFileType = text.plist.xml; path = Info.plist; sourceTree = "<group>"; };
		F7CA762A1D7F066F00A623F6 /* HealthKitWorkout WatchKit Extension.appex */ = {isa = PBXFileReference; explicitFileType = "wrapper.app-extension"; includeInIndex = 0; path = "HealthKitWorkout WatchKit Extension.appex"; sourceTree = BUILT_PRODUCTS_DIR; };
		F7CA762F1D7F066F00A623F6 /* InterfaceController.swift */ = {isa = PBXFileReference; lastKnownFileType = sourcecode.swift; path = InterfaceController.swift; sourceTree = "<group>"; };
		F7CA76311D7F066F00A623F6 /* ExtensionDelegate.swift */ = {isa = PBXFileReference; lastKnownFileType = sourcecode.swift; path = ExtensionDelegate.swift; sourceTree = "<group>"; };
		F7CA76331D7F066F00A623F6 /* Assets.xcassets */ = {isa = PBXFileReference; lastKnownFileType = folder.assetcatalog; path = Assets.xcassets; sourceTree = "<group>"; };
		F7CA76351D7F066F00A623F6 /* Info.plist */ = {isa = PBXFileReference; lastKnownFileType = text.plist.xml; path = Info.plist; sourceTree = "<group>"; };
/* End PBXFileReference section */

/* Begin PBXFrameworksBuildPhase section */
		F7CA76061D7F066F00A623F6 /* Frameworks */ = {
			isa = PBXFrameworksBuildPhase;
			buildActionMask = 2147483647;
			files = (
			);
			runOnlyForDeploymentPostprocessing = 0;
		};
		F7CA76271D7F066F00A623F6 /* Frameworks */ = {
			isa = PBXFrameworksBuildPhase;
			buildActionMask = 2147483647;
			files = (
			);
			runOnlyForDeploymentPostprocessing = 0;
		};
/* End PBXFrameworksBuildPhase section */

/* Begin PBXGroup section */
		F7CA76001D7F066F00A623F6 = {
			isa = PBXGroup;
			children = (
				F7CA760B1D7F066F00A623F6 /* HealthKitWorkout */,
				F7CA761F1D7F066F00A623F6 /* HealthKitWorkout WatchKit App */,
				F7CA762E1D7F066F00A623F6 /* HealthKitWorkout WatchKit Extension */,
				F7CA760A1D7F066F00A623F6 /* Products */,
			);
			sourceTree = "<group>";
		};
		F7CA760A1D7F066F00A623F6 /* Products */ = {
			isa = PBXGroup;
			children = (
				F7CA76091D7F066F00A623F6 /* HealthKitWorkout.app */,
				F7CA761B1D7F066F00A623F6 /* HealthKitWorkout WatchKit App.app */,
				F7CA762A1D7F066F00A623F6 /* HealthKitWorkout WatchKit Extension.appex */,
			);
			name = Products;
			sourceTree = "<group>";
		};
		F7CA760B1D7F066F00A623F6 /* HealthKitWorkout */ = {
			isa = PBXGroup;
			children = (
				F7CA760C1D7F066F00A623F6 /* AppDelegate.swift */,
				F7CA760E1D7F066F00A623F6 /* ViewController.swift */,
				F7CA76101D7F066F00A623F6 /* Main.storyboard */,
				F7CA76131D7F066F00A623F6 /* Assets.xcassets */,
				F7CA76151D7F066F00A623F6 /* LaunchScreen.storyboard */,
				F7CA76181D7F066F00A623F6 /* Info.plist */,
			);
			path = HealthKitWorkout;
			sourceTree = "<group>";
		};
		F7CA761F1D7F066F00A623F6 /* HealthKitWorkout WatchKit App */ = {
			isa = PBXGroup;
			children = (
				F7CA76201D7F066F00A623F6 /* Interface.storyboard */,
				F7CA76231D7F066F00A623F6 /* Assets.xcassets */,
				F7CA76251D7F066F00A623F6 /* Info.plist */,
			);
			path = "HealthKitWorkout WatchKit App";
			sourceTree = "<group>";
		};
		F7CA762E1D7F066F00A623F6 /* HealthKitWorkout WatchKit Extension */ = {
			isa = PBXGroup;
			children = (
				F7CA762F1D7F066F00A623F6 /* InterfaceController.swift */,
				F7CA76311D7F066F00A623F6 /* ExtensionDelegate.swift */,
				F7CA76331D7F066F00A623F6 /* Assets.xcassets */,
				F7CA76351D7F066F00A623F6 /* Info.plist */,
			);
			path = "HealthKitWorkout WatchKit Extension";
			sourceTree = "<group>";
		};
/* End PBXGroup section */

/* Begin PBXNativeTarget section */
		F7CA76081D7F066F00A623F6 /* HealthKitWorkout */ = {
			isa = PBXNativeTarget;
			buildConfigurationList = F7CA76401D7F066F00A623F6 /* Build configuration list for PBXNativeTarget "HealthKitWorkout" */;
			buildPhases = (
				F7CA76051D7F066F00A623F6 /* Sources */,
				F7CA76061D7F066F00A623F6 /* Frameworks */,
				F7CA76071D7F066F00A623F6 /* Resources */,
				F7CA763F1D7F066F00A623F6 /* Embed Watch Content */,
			);
			buildRules = (
			);
			dependencies = (
				F7CA761E1D7F066F00A623F6 /* PBXTargetDependency */,
			);
			name = HealthKitWorkout;
			productName = HealthKitWorkout;
			productReference = F7CA76091D7F066F00A623F6 /* HealthKitWorkout.app */;
			productType = "com.apple.product-type.application";
		};
		F7CA761A1D7F066F00A623F6 /* HealthKitWorkout WatchKit App */ = {
			isa = PBXNativeTarget;
			buildConfigurationList = F7CA763C1D7F066F00A623F6 /* Build configuration list for PBXNativeTarget "HealthKitWorkout WatchKit App" */;
			buildPhases = (
				F7CA76191D7F066F00A623F6 /* Resources */,
				F7CA763B1D7F066F00A623F6 /* Embed App Extensions */,
			);
			buildRules = (
			);
			dependencies = (
				F7CA762D1D7F066F00A623F6 /* PBXTargetDependency */,
			);
			name = "HealthKitWorkout WatchKit App";
			productName = "HealthKitWorkout WatchKit App";
			productReference = F7CA761B1D7F066F00A623F6 /* HealthKitWorkout WatchKit App.app */;
			productType = "com.apple.product-type.application.watchapp2";
		};
		F7CA76291D7F066F00A623F6 /* HealthKitWorkout WatchKit Extension */ = {
			isa = PBXNativeTarget;
			buildConfigurationList = F7CA76381D7F066F00A623F6 /* Build configuration list for PBXNativeTarget "HealthKitWorkout WatchKit Extension" */;
			buildPhases = (
				F7CA76261D7F066F00A623F6 /* Sources */,
				F7CA76271D7F066F00A623F6 /* Frameworks */,
				F7CA76281D7F066F00A623F6 /* Resources */,
			);
			buildRules = (
			);
			dependencies = (
			);
			name = "HealthKitWorkout WatchKit Extension";
			productName = "HealthKitWorkout WatchKit Extension";
			productReference = F7CA762A1D7F066F00A623F6 /* HealthKitWorkout WatchKit Extension.appex */;
			productType = "com.apple.product-type.watchkit2-extension";
		};
/* End PBXNativeTarget section */

/* Begin PBXProject section */
		F7CA76011D7F066F00A623F6 /* Project object */ = {
			isa = PBXProject;
			attributes = {
				LastSwiftUpdateCheck = 0800;
				LastUpgradeCheck = 0800;
				ORGANIZATIONNAME = LC;
				TargetAttributes = {
					F7CA76081D7F066F00A623F6 = {
						CreatedOnToolsVersion = 8.0;
						DevelopmentTeam = Y24U4BPF65;
						ProvisioningStyle = Automatic;
					};
					F7CA761A1D7F066F00A623F6 = {
						CreatedOnToolsVersion = 8.0;
						DevelopmentTeam = Y24U4BPF65;
						ProvisioningStyle = Automatic;
					};
					F7CA76291D7F066F00A623F6 = {
						CreatedOnToolsVersion = 8.0;
						DevelopmentTeam = Y24U4BPF65;
						ProvisioningStyle = Automatic;
					};
				};
			};
			buildConfigurationList = F7CA76041D7F066F00A623F6 /* Build configuration list for PBXProject "HealthKitWorkout" */;
			compatibilityVersion = "Xcode 3.2";
			developmentRegion = English;
			hasScannedForEncodings = 0;
			knownRegions = (
				en,
				Base,
			);
			mainGroup = F7CA76001D7F066F00A623F6;
			productRefGroup = F7CA760A1D7F066F00A623F6 /* Products */;
			projectDirPath = "";
			projectRoot = "";
			targets = (
				F7CA76081D7F066F00A623F6 /* HealthKitWorkout */,
				F7CA761A1D7F066F00A623F6 /* HealthKitWorkout WatchKit App */,
				F7CA76291D7F066F00A623F6 /* HealthKitWorkout WatchKit Extension */,
			);
		};
/* End PBXProject section */

/* Begin PBXResourcesBuildPhase section */
		F7CA76071D7F066F00A623F6 /* Resources */ = {
			isa = PBXResourcesBuildPhase;
			buildActionMask = 2147483647;
			files = (
				F7CA76171D7F066F00A623F6 /* LaunchScreen.storyboard in Resources */,
				F7CA76141D7F066F00A623F6 /* Assets.xcassets in Resources */,
				F7CA76121D7F066F00A623F6 /* Main.storyboard in Resources */,
			);
			runOnlyForDeploymentPostprocessing = 0;
		};
		F7CA76191D7F066F00A623F6 /* Resources */ = {
			isa = PBXResourcesBuildPhase;
			buildActionMask = 2147483647;
			files = (
				F7CA76241D7F066F00A623F6 /* Assets.xcassets in Resources */,
				F7CA76221D7F066F00A623F6 /* Interface.storyboard in Resources */,
			);
			runOnlyForDeploymentPostprocessing = 0;
		};
		F7CA76281D7F066F00A623F6 /* Resources */ = {
			isa = PBXResourcesBuildPhase;
			buildActionMask = 2147483647;
			files = (
				F7CA76341D7F066F00A623F6 /* Assets.xcassets in Resources */,
			);
			runOnlyForDeploymentPostprocessing = 0;
		};
/* End PBXResourcesBuildPhase section */

/* Begin PBXSourcesBuildPhase section */
		F7CA76051D7F066F00A623F6 /* Sources */ = {
			isa = PBXSourcesBuildPhase;
			buildActionMask = 2147483647;
			files = (
				F7CA760F1D7F066F00A623F6 /* ViewController.swift in Sources */,
				F7CA760D1D7F066F00A623F6 /* AppDelegate.swift in Sources */,
			);
			runOnlyForDeploymentPostprocessing = 0;
		};
		F7CA76261D7F066F00A623F6 /* Sources */ = {
			isa = PBXSourcesBuildPhase;
			buildActionMask = 2147483647;
			files = (
				F7CA76321D7F066F00A623F6 /* ExtensionDelegate.swift in Sources */,
				F7CA76301D7F066F00A623F6 /* InterfaceController.swift in Sources */,
			);
			runOnlyForDeploymentPostprocessing = 0;
		};
/* End PBXSourcesBuildPhase section */

/* Begin PBXTargetDependency section */
		F7CA761E1D7F066F00A623F6 /* PBXTargetDependency */ = {
			isa = PBXTargetDependency;
			target = F7CA761A1D7F066F00A623F6 /* HealthKitWorkout WatchKit App */;
			targetProxy = F7CA761D1D7F066F00A623F6 /* PBXContainerItemProxy */;
		};
		F7CA762D1D7F066F00A623F6 /* PBXTargetDependency */ = {
			isa = PBXTargetDependency;
			target = F7CA76291D7F066F00A623F6 /* HealthKitWorkout WatchKit Extension */;
			targetProxy = F7CA762C1D7F066F00A623F6 /* PBXContainerItemProxy */;
		};
/* End PBXTargetDependency section */

/* Begin PBXVariantGroup section */
		F7CA76101D7F066F00A623F6 /* Main.storyboard */ = {
			isa = PBXVariantGroup;
			children = (
				F7CA76111D7F066F00A623F6 /* Base */,
			);
			name = Main.storyboard;
			sourceTree = "<group>";
		};
		F7CA76151D7F066F00A623F6 /* LaunchScreen.storyboard */ = {
			isa = PBXVariantGroup;
			children = (
				F7CA76161D7F066F00A623F6 /* Base */,
			);
			name = LaunchScreen.storyboard;
			sourceTree = "<group>";
		};
		F7CA76201D7F066F00A623F6 /* Interface.storyboard */ = {
			isa = PBXVariantGroup;
			children = (
				F7CA76211D7F066F00A623F6 /* Base */,
			);
			name = Interface.storyboard;
			sourceTree = "<group>";
		};
/* End PBXVariantGroup section */

/* Begin XCBuildConfiguration section */
		F7CA76361D7F066F00A623F6 /* Debug */ = {
			isa = XCBuildConfiguration;
			buildSettings = {
				ALWAYS_SEARCH_USER_PATHS = NO;
				CLANG_ANALYZER_NONNULL = YES;
				CLANG_CXX_LANGUAGE_STANDARD = "gnu++0x";
				CLANG_CXX_LIBRARY = "libc++";
				CLANG_ENABLE_MODULES = YES;
				CLANG_ENABLE_OBJC_ARC = YES;
				CLANG_WARN_BOOL_CONVERSION = YES;
				CLANG_WARN_CONSTANT_CONVERSION = YES;
				CLANG_WARN_DIRECT_OBJC_ISA_USAGE = YES_ERROR;
				CLANG_WARN_DOCUMENTATION_COMMENTS = YES;
				CLANG_WARN_EMPTY_BODY = YES;
				CLANG_WARN_ENUM_CONVERSION = YES;
				CLANG_WARN_INFINITE_RECURSION = YES;
				CLANG_WARN_INT_CONVERSION = YES;
				CLANG_WARN_OBJC_ROOT_CLASS = YES_ERROR;
				CLANG_WARN_SUSPICIOUS_MOVES = YES;
				CLANG_WARN_UNREACHABLE_CODE = YES;
				CLANG_WARN__DUPLICATE_METHOD_MATCH = YES;
				"CODE_SIGN_IDENTITY[sdk=iphoneos*]" = "iPhone Developer";
				COPY_PHASE_STRIP = NO;
				DEBUG_INFORMATION_FORMAT = dwarf;
				ENABLE_STRICT_OBJC_MSGSEND = YES;
				ENABLE_TESTABILITY = YES;
				GCC_C_LANGUAGE_STANDARD = gnu99;
				GCC_DYNAMIC_NO_PIC = NO;
				GCC_NO_COMMON_BLOCKS = YES;
				GCC_OPTIMIZATION_LEVEL = 0;
				GCC_PREPROCESSOR_DEFINITIONS = (
					"DEBUG=1",
					"$(inherited)",
				);
				GCC_WARN_64_TO_32_BIT_CONVERSION = YES;
				GCC_WARN_ABOUT_RETURN_TYPE = YES_ERROR;
				GCC_WARN_UNDECLARED_SELECTOR = YES;
				GCC_WARN_UNINITIALIZED_AUTOS = YES_AGGRESSIVE;
				GCC_WARN_UNUSED_FUNCTION = YES;
				GCC_WARN_UNUSED_VARIABLE = YES;
				IPHONEOS_DEPLOYMENT_TARGET = 10.0;
				MTL_ENABLE_DEBUG_INFO = YES;
				ONLY_ACTIVE_ARCH = YES;
				SDKROOT = iphoneos;
				SWIFT_ACTIVE_COMPILATION_CONDITIONS = DEBUG;
				SWIFT_OPTIMIZATION_LEVEL = "-Onone";
			};
			name = Debug;
		};
		F7CA76371D7F066F00A623F6 /* Release */ = {
			isa = XCBuildConfiguration;
			buildSettings = {
				ALWAYS_SEARCH_USER_PATHS = NO;
				CLANG_ANALYZER_NONNULL = YES;
				CLANG_CXX_LANGUAGE_STANDARD = "gnu++0x";
				CLANG_CXX_LIBRARY = "libc++";
				CLANG_ENABLE_MODULES = YES;
				CLANG_ENABLE_OBJC_ARC = YES;
				CLANG_WARN_BOOL_CONVERSION = YES;
				CLANG_WARN_CONSTANT_CONVERSION = YES;
				CLANG_WARN_DIRECT_OBJC_ISA_USAGE = YES_ERROR;
				CLANG_WARN_DOCUMENTATION_COMMENTS = YES;
				CLANG_WARN_EMPTY_BODY = YES;
				CLANG_WARN_ENUM_CONVERSION = YES;
				CLANG_WARN_INFINITE_RECURSION = YES;
				CLANG_WARN_INT_CONVERSION = YES;
				CLANG_WARN_OBJC_ROOT_CLASS = YES_ERROR;
				CLANG_WARN_SUSPICIOUS_MOVES = YES;
				CLANG_WARN_UNREACHABLE_CODE = YES;
				CLANG_WARN__DUPLICATE_METHOD_MATCH = YES;
				"CODE_SIGN_IDENTITY[sdk=iphoneos*]" = "iPhone Developer";
				COPY_PHASE_STRIP = NO;
				DEBUG_INFORMATION_FORMAT = "dwarf-with-dsym";
				ENABLE_NS_ASSERTIONS = NO;
				ENABLE_STRICT_OBJC_MSGSEND = YES;
				GCC_C_LANGUAGE_STANDARD = gnu99;
				GCC_NO_COMMON_BLOCKS = YES;
				GCC_WARN_64_TO_32_BIT_CONVERSION = YES;
				GCC_WARN_ABOUT_RETURN_TYPE = YES_ERROR;
				GCC_WARN_UNDECLARED_SELECTOR = YES;
				GCC_WARN_UNINITIALIZED_AUTOS = YES_AGGRESSIVE;
				GCC_WARN_UNUSED_FUNCTION = YES;
				GCC_WARN_UNUSED_VARIABLE = YES;
				IPHONEOS_DEPLOYMENT_TARGET = 10.0;
				MTL_ENABLE_DEBUG_INFO = NO;
				SDKROOT = iphoneos;
				SWIFT_OPTIMIZATION_LEVEL = "-Owholemodule";
				VALIDATE_PRODUCT = YES;
			};
			name = Release;
		};
		F7CA76391D7F066F00A623F6 /* Debug */ = {
			isa = XCBuildConfiguration;
			buildSettings = {
				ASSETCATALOG_COMPILER_COMPLICATION_NAME = Complication;
				DEVELOPMENT_TEAM = Y24U4BPF65;
				INFOPLIST_FILE = "HealthKitWorkout WatchKit Extension/Info.plist";
				LD_RUNPATH_SEARCH_PATHS = "$(inherited) @executable_path/Frameworks @executable_path/../../Frameworks";
				PRODUCT_BUNDLE_IDENTIFIER = LC.HealthKitWorkout.watchkitapp.watchkitextension;
				PRODUCT_NAME = "${TARGET_NAME}";
				SDKROOT = watchos;
				SKIP_INSTALL = YES;
				SWIFT_VERSION = 3.0;
				TARGETED_DEVICE_FAMILY = 4;
				WATCHOS_DEPLOYMENT_TARGET = 3.0;
			};
			name = Debug;
		};
		F7CA763A1D7F066F00A623F6 /* Release */ = {
			isa = XCBuildConfiguration;
			buildSettings = {
				ASSETCATALOG_COMPILER_COMPLICATION_NAME = Complication;
				DEVELOPMENT_TEAM = Y24U4BPF65;
				INFOPLIST_FILE = "HealthKitWorkout WatchKit Extension/Info.plist";
				LD_RUNPATH_SEARCH_PATHS = "$(inherited) @executable_path/Frameworks @executable_path/../../Frameworks";
				PRODUCT_BUNDLE_IDENTIFIER = LC.HealthKitWorkout.watchkitapp.watchkitextension;
				PRODUCT_NAME = "${TARGET_NAME}";
				SDKROOT = watchos;
				SKIP_INSTALL = YES;
				SWIFT_VERSION = 3.0;
				TARGETED_DEVICE_FAMILY = 4;
				WATCHOS_DEPLOYMENT_TARGET = 3.0;
			};
			name = Release;
		};
		F7CA763D1D7F066F00A623F6 /* Debug */ = {
			isa = XCBuildConfiguration;
			buildSettings = {
				ALWAYS_EMBED_SWIFT_STANDARD_LIBRARIES = YES;
				ASSETCATALOG_COMPILER_APPICON_NAME = AppIcon;
				DEVELOPMENT_TEAM = Y24U4BPF65;
				IBSC_MODULE = HealthKitWorkout_WatchKit_Extension;
				INFOPLIST_FILE = "HealthKitWorkout WatchKit App/Info.plist";
				PRODUCT_BUNDLE_IDENTIFIER = LC.HealthKitWorkout.watchkitapp;
				PRODUCT_NAME = "$(TARGET_NAME)";
				SDKROOT = watchos;
				SKIP_INSTALL = YES;
				SWIFT_VERSION = 3.0;
				TARGETED_DEVICE_FAMILY = 4;
				WATCHOS_DEPLOYMENT_TARGET = 3.0;
			};
			name = Debug;
		};
		F7CA763E1D7F066F00A623F6 /* Release */ = {
			isa = XCBuildConfiguration;
			buildSettings = {
				ALWAYS_EMBED_SWIFT_STANDARD_LIBRARIES = YES;
				ASSETCATALOG_COMPILER_APPICON_NAME = AppIcon;
				DEVELOPMENT_TEAM = Y24U4BPF65;
				IBSC_MODULE = HealthKitWorkout_WatchKit_Extension;
				INFOPLIST_FILE = "HealthKitWorkout WatchKit App/Info.plist";
				PRODUCT_BUNDLE_IDENTIFIER = LC.HealthKitWorkout.watchkitapp;
				PRODUCT_NAME = "$(TARGET_NAME)";
				SDKROOT = watchos;
				SKIP_INSTALL = YES;
				SWIFT_VERSION = 3.0;
				TARGETED_DEVICE_FAMILY = 4;
				WATCHOS_DEPLOYMENT_TARGET = 3.0;
			};
			name = Release;
		};
		F7CA76411D7F066F00A623F6 /* Debug */ = {
			isa = XCBuildConfiguration;
			buildSettings = {
				ASSETCATALOG_COMPILER_APPICON_NAME = AppIcon;
				DEVELOPMENT_TEAM = Y24U4BPF65;
				INFOPLIST_FILE = HealthKitWorkout/Info.plist;
				LD_RUNPATH_SEARCH_PATHS = "$(inherited) @executable_path/Frameworks";
				PRODUCT_BUNDLE_IDENTIFIER = LC.HealthKitWorkout;
				PRODUCT_NAME = "$(TARGET_NAME)";
				SWIFT_VERSION = 3.0;
			};
			name = Debug;
		};
		F7CA76421D7F066F00A623F6 /* Release */ = {
			isa = XCBuildConfiguration;
			buildSettings = {
				ASSETCATALOG_COMPILER_APPICON_NAME = AppIcon;
				DEVELOPMENT_TEAM = Y24U4BPF65;
				INFOPLIST_FILE = HealthKitWorkout/Info.plist;
				LD_RUNPATH_SEARCH_PATHS = "$(inherited) @executable_path/Frameworks";
				PRODUCT_BUNDLE_IDENTIFIER = LC.HealthKitWorkout;
				PRODUCT_NAME = "$(TARGET_NAME)";
				SWIFT_VERSION = 3.0;
			};
			name = Release;
		};
/* End XCBuildConfiguration section */

/* Begin XCConfigurationList section */
		F7CA76041D7F066F00A623F6 /* Build configuration list for PBXProject "HealthKitWorkout" */ = {
			isa = XCConfigurationList;
			buildConfigurations = (
				F7CA76361D7F066F00A623F6 /* Debug */,
				F7CA76371D7F066F00A623F6 /* Release */,
			);
			defaultConfigurationIsVisible = 0;
			defaultConfigurationName = Release;
		};
		F7CA76381D7F066F00A623F6 /* Build configuration list for PBXNativeTarget "HealthKitWorkout WatchKit Extension" */ = {
			isa = XCConfigurationList;
			buildConfigurations = (
				F7CA76391D7F066F00A623F6 /* Debug */,
				F7CA763A1D7F066F00A623F6 /* Release */,
			);
			defaultConfigurationIsVisible = 0;
		};
		F7CA763C1D7F066F00A623F6 /* Build configuration list for PBXNativeTarget "HealthKitWorkout WatchKit App" */ = {
			isa = XCConfigurationList;
			buildConfigurations = (
				F7CA763D1D7F066F00A623F6 /* Debug */,
				F7CA763E1D7F066F00A623F6 /* Release */,
			);
			defaultConfigurationIsVisible = 0;
		};
		F7CA76401D7F066F00A623F6 /* Build configuration list for PBXNativeTarget "HealthKitWorkout" */ = {
			isa = XCConfigurationList;
			buildConfigurations = (
				F7CA76411D7F066F00A623F6 /* Debug */,
				F7CA76421D7F066F00A623F6 /* Release */,
			);
			defaultConfigurationIsVisible = 0;
		};
/* End XCConfigurationList section */
	};
	rootObject = F7CA76011D7F066F00A623F6 /* Project object */;
}
