// !$*UTF8*$!
{
	archiveVersion = 1;
	classes = {
	};
	objectVersion = 46;
	objects = {

/* Begin PBXBuildFile section */
		F71375B41D83805600C74A8C /* AppDelegate.swift in Sources */ = {isa = PBXBuildFile; fileRef = F71375B31D83805600C74A8C /* AppDelegate.swift */; };
		F71375B61D83805600C74A8C /* ViewController.swift in Sources */ = {isa = PBXBuildFile; fileRef = F71375B51D83805600C74A8C /* ViewController.swift */; };
		F71375B91D83805600C74A8C /* Main.storyboard in Resources */ = {isa = PBXBuildFile; fileRef = F71375B71D83805600C74A8C /* Main.storyboard */; };
		F71375BB1D83805600C74A8C /* Assets.xcassets in Resources */ = {isa = PBXBuildFile; fileRef = F71375BA1D83805600C74A8C /* Assets.xcassets */; };
		F71375BE1D83805600C74A8C /* LaunchScreen.storyboard in Resources */ = {isa = PBXBuildFile; fileRef = F71375BC1D83805600C74A8C /* LaunchScreen.storyboard */; };
		F71375C31D83805600C74A8C /* AppLaunching WatchKit App.app in Embed Watch Content */ = {isa = PBXBuildFile; fileRef = F71375C21D83805600C74A8C /* AppLaunching WatchKit App.app */; };
		F71375C91D83805600C74A8C /* Interface.storyboard in Resources */ = {isa = PBXBuildFile; fileRef = F71375C71D83805600C74A8C /* Interface.storyboard */; };
		F71375CB1D83805600C74A8C /* Assets.xcassets in Resources */ = {isa = PBXBuildFile; fileRef = F71375CA1D83805600C74A8C /* Assets.xcassets */; };
		F71375D21D83805600C74A8C /* AppLaunching WatchKit Extension.appex in Embed App Extensions */ = {isa = PBXBuildFile; fileRef = F71375D11D83805600C74A8C /* AppLaunching WatchKit Extension.appex */; settings = {ATTRIBUTES = (RemoveHeadersOnCopy, ); }; };
		F71375D91D83805600C74A8C /* InterfaceController.swift in Sources */ = {isa = PBXBuildFile; fileRef = F71375D81D83805600C74A8C /* InterfaceController.swift */; };
		F71375DB1D83805600C74A8C /* ExtensionDelegate.swift in Sources */ = {isa = PBXBuildFile; fileRef = F71375DA1D83805600C74A8C /* ExtensionDelegate.swift */; };
		F71375DD1D83805600C74A8C /* NotificationController.swift in Sources */ = {isa = PBXBuildFile; fileRef = F71375DC1D83805600C74A8C /* NotificationController.swift */; };
		F71375DF1D83805600C74A8C /* Assets.xcassets in Resources */ = {isa = PBXBuildFile; fileRef = F71375DE1D83805600C74A8C /* Assets.xcassets */; };
/* End PBXBuildFile section */

/* Begin PBXContainerItemProxy section */
		F71375C41D83805600C74A8C /* PBXContainerItemProxy */ = {
			isa = PBXContainerItemProxy;
			containerPortal = F71375A81D83805600C74A8C /* Project object */;
			proxyType = 1;
			remoteGlobalIDString = F71375C11D83805600C74A8C;
			remoteInfo = "AppLaunching WatchKit App";
		};
		F71375D31D83805600C74A8C /* PBXContainerItemProxy */ = {
			isa = PBXContainerItemProxy;
			containerPortal = F71375A81D83805600C74A8C /* Project object */;
			proxyType = 1;
			remoteGlobalIDString = F71375D01D83805600C74A8C;
			remoteInfo = "AppLaunching WatchKit Extension";
		};
/* End PBXContainerItemProxy section */

/* Begin PBXCopyFilesBuildPhase section */
		F71375E61D83805600C74A8C /* Embed App Extensions */ = {
			isa = PBXCopyFilesBuildPhase;
			buildActionMask = 2147483647;
			dstPath = "";
			dstSubfolderSpec = 13;
			files = (
				F71375D21D83805600C74A8C /* AppLaunching WatchKit Extension.appex in Embed App Extensions */,
			);
			name = "Embed App Extensions";
			runOnlyForDeploymentPostprocessing = 0;
		};
		F71375EA1D83805600C74A8C /* Embed Watch Content */ = {
			isa = PBXCopyFilesBuildPhase;
			buildActionMask = 2147483647;
			dstPath = "$(CONTENTS_FOLDER_PATH)/Watch";
			dstSubfolderSpec = 16;
			files = (
				F71375C31D83805600C74A8C /* AppLaunching WatchKit App.app in Embed Watch Content */,
			);
			name = "Embed Watch Content";
			runOnlyForDeploymentPostprocessing = 0;
		};
/* End PBXCopyFilesBuildPhase section */

/* Begin PBXFileReference section */
		F71375B01D83805600C74A8C /* AppLaunching.app */ = {isa = PBXFileReference; explicitFileType = wrapper.application; includeInIndex = 0; path = AppLaunching.app; sourceTree = BUILT_PRODUCTS_DIR; };
		F71375B31D83805600C74A8C /* AppDelegate.swift */ = {isa = PBXFileReference; lastKnownFileType = sourcecode.swift; path = AppDelegate.swift; sourceTree = "<group>"; };
		F71375B51D83805600C74A8C /* ViewController.swift */ = {isa = PBXFileReference; lastKnownFileType = sourcecode.swift; path = ViewController.swift; sourceTree = "<group>"; };
		F71375B81D83805600C74A8C /* Base */ = {isa = PBXFileReference; lastKnownFileType = file.storyboard; name = Base; path = Base.lproj/Main.storyboard; sourceTree = "<group>"; };
		F71375BA1D83805600C74A8C /* Assets.xcassets */ = {isa = PBXFileReference; lastKnownFileType = folder.assetcatalog; path = Assets.xcassets; sourceTree = "<group>"; };
		F71375BD1D83805600C74A8C /* Base */ = {isa = PBXFileReference; lastKnownFileType = file.storyboard; name = Base; path = Base.lproj/LaunchScreen.storyboard; sourceTree = "<group>"; };
		F71375BF1D83805600C74A8C /* Info.plist */ = {isa = PBXFileReference; lastKnownFileType = text.plist.xml; path = Info.plist; sourceTree = "<group>"; };
		F71375C21D83805600C74A8C /* AppLaunching WatchKit App.app */ = {isa = PBXFileReference; explicitFileType = wrapper.application; includeInIndex = 0; path = "AppLaunching WatchKit App.app"; sourceTree = BUILT_PRODUCTS_DIR; };
		F71375C81D83805600C74A8C /* Base */ = {isa = PBXFileReference; lastKnownFileType = file.storyboard; name = Base; path = Base.lproj/Interface.storyboard; sourceTree = "<group>"; };
		F71375CA1D83805600C74A8C /* Assets.xcassets */ = {isa = PBXFileReference; lastKnownFileType = folder.assetcatalog; path = Assets.xcassets; sourceTree = "<group>"; };
		F71375CC1D83805600C74A8C /* Info.plist */ = {isa = PBXFileReference; lastKnownFileType = text.plist.xml; path = Info.plist; sourceTree = "<group>"; };
		F71375D11D83805600C74A8C /* AppLaunching WatchKit Extension.appex */ = {isa = PBXFileReference; explicitFileType = "wrapper.app-extension"; includeInIndex = 0; path = "AppLaunching WatchKit Extension.appex"; sourceTree = BUILT_PRODUCTS_DIR; };
		F71375D71D83805600C74A8C /* PushNotificationPayload.apns */ = {isa = PBXFileReference; lastKnownFileType = text; path = PushNotificationPayload.apns; sourceTree = "<group>"; };
		F71375D81D83805600C74A8C /* InterfaceController.swift */ = {isa = PBXFileReference; lastKnownFileType = sourcecode.swift; path = InterfaceController.swift; sourceTree = "<group>"; };
		F71375DA1D83805600C74A8C /* ExtensionDelegate.swift */ = {isa = PBXFileReference; lastKnownFileType = sourcecode.swift; path = ExtensionDelegate.swift; sourceTree = "<group>"; };
		F71375DC1D83805600C74A8C /* NotificationController.swift */ = {isa = PBXFileReference; lastKnownFileType = sourcecode.swift; path = NotificationController.swift; sourceTree = "<group>"; };
		F71375DE1D83805600C74A8C /* Assets.xcassets */ = {isa = PBXFileReference; lastKnownFileType = folder.assetcatalog; path = Assets.xcassets; sourceTree = "<group>"; };
		F71375E01D83805600C74A8C /* Info.plist */ = {isa = PBXFileReference; lastKnownFileType = text.plist.xml; path = Info.plist; sourceTree = "<group>"; };
/* End PBXFileReference section */

/* Begin PBXFrameworksBuildPhase section */
		F71375AD1D83805600C74A8C /* Frameworks */ = {
			isa = PBXFrameworksBuildPhase;
			buildActionMask = 2147483647;
			files = (
			);
			runOnlyForDeploymentPostprocessing = 0;
		};
		F71375CE1D83805600C74A8C /* Frameworks */ = {
			isa = PBXFrameworksBuildPhase;
			buildActionMask = 2147483647;
			files = (
			);
			runOnlyForDeploymentPostprocessing = 0;
		};
/* End PBXFrameworksBuildPhase section */

/* Begin PBXGroup section */
		F71375A71D83805600C74A8C = {
			isa = PBXGroup;
			children = (
				F71375B21D83805600C74A8C /* AppLaunching */,
				F71375C61D83805600C74A8C /* AppLaunching WatchKit App */,
				F71375D51D83805600C74A8C /* AppLaunching WatchKit Extension */,
				F71375B11D83805600C74A8C /* Products */,
			);
			sourceTree = "<group>";
		};
		F71375B11D83805600C74A8C /* Products */ = {
			isa = PBXGroup;
			children = (
				F71375B01D83805600C74A8C /* AppLaunching.app */,
				F71375C21D83805600C74A8C /* AppLaunching WatchKit App.app */,
				F71375D11D83805600C74A8C /* AppLaunching WatchKit Extension.appex */,
			);
			name = Products;
			sourceTree = "<group>";
		};
		F71375B21D83805600C74A8C /* AppLaunching */ = {
			isa = PBXGroup;
			children = (
				F71375B31D83805600C74A8C /* AppDelegate.swift */,
				F71375B51D83805600C74A8C /* ViewController.swift */,
				F71375B71D83805600C74A8C /* Main.storyboard */,
				F71375BA1D83805600C74A8C /* Assets.xcassets */,
				F71375BC1D83805600C74A8C /* LaunchScreen.storyboard */,
				F71375BF1D83805600C74A8C /* Info.plist */,
			);
			path = AppLaunching;
			sourceTree = "<group>";
		};
		F71375C61D83805600C74A8C /* AppLaunching WatchKit App */ = {
			isa = PBXGroup;
			children = (
				F71375C71D83805600C74A8C /* Interface.storyboard */,
				F71375CA1D83805600C74A8C /* Assets.xcassets */,
				F71375CC1D83805600C74A8C /* Info.plist */,
			);
			path = "AppLaunching WatchKit App";
			sourceTree = "<group>";
		};
		F71375D51D83805600C74A8C /* AppLaunching WatchKit Extension */ = {
			isa = PBXGroup;
			children = (
				F71375D81D83805600C74A8C /* InterfaceController.swift */,
				F71375DA1D83805600C74A8C /* ExtensionDelegate.swift */,
				F71375DC1D83805600C74A8C /* NotificationController.swift */,
				F71375DE1D83805600C74A8C /* Assets.xcassets */,
				F71375E01D83805600C74A8C /* Info.plist */,
				F71375D61D83805600C74A8C /* Supporting Files */,
			);
			path = "AppLaunching WatchKit Extension";
			sourceTree = "<group>";
		};
		F71375D61D83805600C74A8C /* Supporting Files */ = {
			isa = PBXGroup;
			children = (
				F71375D71D83805600C74A8C /* PushNotificationPayload.apns */,
			);
			name = "Supporting Files";
			sourceTree = "<group>";
		};
/* End PBXGroup section */

/* Begin PBXNativeTarget section */
		F71375AF1D83805600C74A8C /* AppLaunching */ = {
			isa = PBXNativeTarget;
			buildConfigurationList = F71375EB1D83805600C74A8C /* Build configuration list for PBXNativeTarget "AppLaunching" */;
			buildPhases = (
				F71375AC1D83805600C74A8C /* Sources */,
				F71375AD1D83805600C74A8C /* Frameworks */,
				F71375AE1D83805600C74A8C /* Resources */,
				F71375EA1D83805600C74A8C /* Embed Watch Content */,
			);
			buildRules = (
			);
			dependencies = (
				F71375C51D83805600C74A8C /* PBXTargetDependency */,
			);
			name = AppLaunching;
			productName = AppLaunching;
			productReference = F71375B01D83805600C74A8C /* AppLaunching.app */;
			productType = "com.apple.product-type.application";
		};
		F71375C11D83805600C74A8C /* AppLaunching WatchKit App */ = {
			isa = PBXNativeTarget;
			buildConfigurationList = F71375E71D83805600C74A8C /* Build configuration list for PBXNativeTarget "AppLaunching WatchKit App" */;
			buildPhases = (
				F71375C01D83805600C74A8C /* Resources */,
				F71375E61D83805600C74A8C /* Embed App Extensions */,
			);
			buildRules = (
			);
			dependencies = (
				F71375D41D83805600C74A8C /* PBXTargetDependency */,
			);
			name = "AppLaunching WatchKit App";
			productName = "AppLaunching WatchKit App";
			productReference = F71375C21D83805600C74A8C /* AppLaunching WatchKit App.app */;
			productType = "com.apple.product-type.application.watchapp2";
		};
		F71375D01D83805600C74A8C /* AppLaunching WatchKit Extension */ = {
			isa = PBXNativeTarget;
			buildConfigurationList = F71375E31D83805600C74A8C /* Build configuration list for PBXNativeTarget "AppLaunching WatchKit Extension" */;
			buildPhases = (
				F71375CD1D83805600C74A8C /* Sources */,
				F71375CE1D83805600C74A8C /* Frameworks */,
				F71375CF1D83805600C74A8C /* Resources */,
			);
			buildRules = (
			);
			dependencies = (
			);
			name = "AppLaunching WatchKit Extension";
			productName = "AppLaunching WatchKit Extension";
			productReference = F71375D11D83805600C74A8C /* AppLaunching WatchKit Extension.appex */;
			productType = "com.apple.product-type.watchkit2-extension";
		};
/* End PBXNativeTarget section */

/* Begin PBXProject section */
		F71375A81D83805600C74A8C /* Project object */ = {
			isa = PBXProject;
			attributes = {
				LastSwiftUpdateCheck = 0800;
				LastUpgradeCheck = 0800;
				ORGANIZATIONNAME = LC;
				TargetAttributes = {
					F71375AF1D83805600C74A8C = {
						CreatedOnToolsVersion = 8.0;
						DevelopmentTeam = Y24U4BPF65;
						ProvisioningStyle = Automatic;
					};
					F71375C11D83805600C74A8C = {
						CreatedOnToolsVersion = 8.0;
						DevelopmentTeam = Y24U4BPF65;
						ProvisioningStyle = Automatic;
					};
					F71375D01D83805600C74A8C = {
						CreatedOnToolsVersion = 8.0;
						DevelopmentTeam = Y24U4BPF65;
						ProvisioningStyle = Automatic;
					};
				};
			};
			buildConfigurationList = F71375AB1D83805600C74A8C /* Build configuration list for PBXProject "AppLaunching" */;
			compatibilityVersion = "Xcode 3.2";
			developmentRegion = English;
			hasScannedForEncodings = 0;
			knownRegions = (
				en,
				Base,
			);
			mainGroup = F71375A71D83805600C74A8C;
			productRefGroup = F71375B11D83805600C74A8C /* Products */;
			projectDirPath = "";
			projectRoot = "";
			targets = (
				F71375AF1D83805600C74A8C /* AppLaunching */,
				F71375C11D83805600C74A8C /* AppLaunching WatchKit App */,
				F71375D01D83805600C74A8C /* AppLaunching WatchKit Extension */,
			);
		};
/* End PBXProject section */

/* Begin PBXResourcesBuildPhase section */
		F71375AE1D83805600C74A8C /* Resources */ = {
			isa = PBXResourcesBuildPhase;
			buildActionMask = 2147483647;
			files = (
				F71375BE1D83805600C74A8C /* LaunchScreen.storyboard in Resources */,
				F71375BB1D83805600C74A8C /* Assets.xcassets in Resources */,
				F71375B91D83805600C74A8C /* Main.storyboard in Resources */,
			);
			runOnlyForDeploymentPostprocessing = 0;
		};
		F71375C01D83805600C74A8C /* Resources */ = {
			isa = PBXResourcesBuildPhase;
			buildActionMask = 2147483647;
			files = (
				F71375CB1D83805600C74A8C /* Assets.xcassets in Resources */,
				F71375C91D83805600C74A8C /* Interface.storyboard in Resources */,
			);
			runOnlyForDeploymentPostprocessing = 0;
		};
		F71375CF1D83805600C74A8C /* Resources */ = {
			isa = PBXResourcesBuildPhase;
			buildActionMask = 2147483647;
			files = (
				F71375DF1D83805600C74A8C /* Assets.xcassets in Resources */,
			);
			runOnlyForDeploymentPostprocessing = 0;
		};
/* End PBXResourcesBuildPhase section */

/* Begin PBXSourcesBuildPhase section */
		F71375AC1D83805600C74A8C /* Sources */ = {
			isa = PBXSourcesBuildPhase;
			buildActionMask = 2147483647;
			files = (
				F71375B61D83805600C74A8C /* ViewController.swift in Sources */,
				F71375B41D83805600C74A8C /* AppDelegate.swift in Sources */,
			);
			runOnlyForDeploymentPostprocessing = 0;
		};
		F71375CD1D83805600C74A8C /* Sources */ = {
			isa = PBXSourcesBuildPhase;
			buildActionMask = 2147483647;
			files = (
				F71375DD1D83805600C74A8C /* NotificationController.swift in Sources */,
				F71375DB1D83805600C74A8C /* ExtensionDelegate.swift in Sources */,
				F71375D91D83805600C74A8C /* InterfaceController.swift in Sources */,
			);
			runOnlyForDeploymentPostprocessing = 0;
		};
/* End PBXSourcesBuildPhase section */

/* Begin PBXTargetDependency section */
		F71375C51D83805600C74A8C /* PBXTargetDependency */ = {
			isa = PBXTargetDependency;
			target = F71375C11D83805600C74A8C /* AppLaunching WatchKit App */;
			targetProxy = F71375C41D83805600C74A8C /* PBXContainerItemProxy */;
		};
		F71375D41D83805600C74A8C /* PBXTargetDependency */ = {
			isa = PBXTargetDependency;
			target = F71375D01D83805600C74A8C /* AppLaunching WatchKit Extension */;
			targetProxy = F71375D31D83805600C74A8C /* PBXContainerItemProxy */;
		};
/* End PBXTargetDependency section */

/* Begin PBXVariantGroup section */
		F71375B71D83805600C74A8C /* Main.storyboard */ = {
			isa = PBXVariantGroup;
			children = (
				F71375B81D83805600C74A8C /* Base */,
			);
			name = Main.storyboard;
			sourceTree = "<group>";
		};
		F71375BC1D83805600C74A8C /* LaunchScreen.storyboard */ = {
			isa = PBXVariantGroup;
			children = (
				F71375BD1D83805600C74A8C /* Base */,
			);
			name = LaunchScreen.storyboard;
			sourceTree = "<group>";
		};
		F71375C71D83805600C74A8C /* Interface.storyboard */ = {
			isa = PBXVariantGroup;
			children = (
				F71375C81D83805600C74A8C /* Base */,
			);
			name = Interface.storyboard;
			sourceTree = "<group>";
		};
/* End PBXVariantGroup section */

/* Begin XCBuildConfiguration section */
		F71375E11D83805600C74A8C /* Debug */ = {
			isa = XCBuildConfiguration;
			buildSettings = {
				ALWAYS_SEARCH_USER_PATHS = NO;
				CLANG_ANALYZER_NONNULL = YES;
				CLANG_CXX_LANGUAGE_STANDARD = "gnu++0x";
				CLANG_CXX_LIBRARY = "libc++";
				CLANG_ENABLE_MODULES = YES;
				CLANG_ENABLE_OBJC_ARC = YES;
				CLANG_WARN_BOOL_CONVERSION = YES;
				CLANG_WARN_CONSTANT_CONVERSION = YES;
				CLANG_WARN_DIRECT_OBJC_ISA_USAGE = YES_ERROR;
				CLANG_WARN_DOCUMENTATION_COMMENTS = YES;
				CLANG_WARN_EMPTY_BODY = YES;
				CLANG_WARN_ENUM_CONVERSION = YES;
				CLANG_WARN_INFINITE_RECURSION = YES;
				CLANG_WARN_INT_CONVERSION = YES;
				CLANG_WARN_OBJC_ROOT_CLASS = YES_ERROR;
				CLANG_WARN_SUSPICIOUS_MOVES = YES;
				CLANG_WARN_UNREACHABLE_CODE = YES;
				CLANG_WARN__DUPLICATE_METHOD_MATCH = YES;
				"CODE_SIGN_IDENTITY[sdk=iphoneos*]" = "iPhone Developer";
				COPY_PHASE_STRIP = NO;
				DEBUG_INFORMATION_FORMAT = dwarf;
				ENABLE_STRICT_OBJC_MSGSEND = YES;
				ENABLE_TESTABILITY = YES;
				GCC_C_LANGUAGE_STANDARD = gnu99;
				GCC_DYNAMIC_NO_PIC = NO;
				GCC_NO_COMMON_BLOCKS = YES;
				GCC_OPTIMIZATION_LEVEL = 0;
				GCC_PREPROCESSOR_DEFINITIONS = (
					"DEBUG=1",
					"$(inherited)",
				);
				GCC_WARN_64_TO_32_BIT_CONVERSION = YES;
				GCC_WARN_ABOUT_RETURN_TYPE = YES_ERROR;
				GCC_WARN_UNDECLARED_SELECTOR = YES;
				GCC_WARN_UNINITIALIZED_AUTOS = YES_AGGRESSIVE;
				GCC_WARN_UNUSED_FUNCTION = YES;
				GCC_WARN_UNUSED_VARIABLE = YES;
				IPHONEOS_DEPLOYMENT_TARGET = 10.0;
				MTL_ENABLE_DEBUG_INFO = YES;
				ONLY_ACTIVE_ARCH = YES;
				SDKROOT = iphoneos;
				SWIFT_ACTIVE_COMPILATION_CONDITIONS = DEBUG;
				SWIFT_OPTIMIZATION_LEVEL = "-Onone";
			};
			name = Debug;
		};
		F71375E21D83805600C74A8C /* Release */ = {
			isa = XCBuildConfiguration;
			buildSettings = {
				ALWAYS_SEARCH_USER_PATHS = NO;
				CLANG_ANALYZER_NONNULL = YES;
				CLANG_CXX_LANGUAGE_STANDARD = "gnu++0x";
				CLANG_CXX_LIBRARY = "libc++";
				CLANG_ENABLE_MODULES = YES;
				CLANG_ENABLE_OBJC_ARC = YES;
				CLANG_WARN_BOOL_CONVERSION = YES;
				CLANG_WARN_CONSTANT_CONVERSION = YES;
				CLANG_WARN_DIRECT_OBJC_ISA_USAGE = YES_ERROR;
				CLANG_WARN_DOCUMENTATION_COMMENTS = YES;
				CLANG_WARN_EMPTY_BODY = YES;
				CLANG_WARN_ENUM_CONVERSION = YES;
				CLANG_WARN_INFINITE_RECURSION = YES;
				CLANG_WARN_INT_CONVERSION = YES;
				CLANG_WARN_OBJC_ROOT_CLASS = YES_ERROR;
				CLANG_WARN_SUSPICIOUS_MOVES = YES;
				CLANG_WARN_UNREACHABLE_CODE = YES;
				CLANG_WARN__DUPLICATE_METHOD_MATCH = YES;
				"CODE_SIGN_IDENTITY[sdk=iphoneos*]" = "iPhone Developer";
				COPY_PHASE_STRIP = NO;
				DEBUG_INFORMATION_FORMAT = "dwarf-with-dsym";
				ENABLE_NS_ASSERTIONS = NO;
				ENABLE_STRICT_OBJC_MSGSEND = YES;
				GCC_C_LANGUAGE_STANDARD = gnu99;
				GCC_NO_COMMON_BLOCKS = YES;
				GCC_WARN_64_TO_32_BIT_CONVERSION = YES;
				GCC_WARN_ABOUT_RETURN_TYPE = YES_ERROR;
				GCC_WARN_UNDECLARED_SELECTOR = YES;
				GCC_WARN_UNINITIALIZED_AUTOS = YES_AGGRESSIVE;
				GCC_WARN_UNUSED_FUNCTION = YES;
				GCC_WARN_UNUSED_VARIABLE = YES;
				IPHONEOS_DEPLOYMENT_TARGET = 10.0;
				MTL_ENABLE_DEBUG_INFO = NO;
				SDKROOT = iphoneos;
				SWIFT_OPTIMIZATION_LEVEL = "-Owholemodule";
				VALIDATE_PRODUCT = YES;
			};
			name = Release;
		};
		F71375E41D83805600C74A8C /* Debug */ = {
			isa = XCBuildConfiguration;
			buildSettings = {
				ASSETCATALOG_COMPILER_COMPLICATION_NAME = Complication;
				DEVELOPMENT_TEAM = Y24U4BPF65;
				INFOPLIST_FILE = "AppLaunching WatchKit Extension/Info.plist";
				LD_RUNPATH_SEARCH_PATHS = "$(inherited) @executable_path/Frameworks @executable_path/../../Frameworks";
				PRODUCT_BUNDLE_IDENTIFIER = LC.AppLaunching.watchkitapp.watchkitextension;
				PRODUCT_NAME = "${TARGET_NAME}";
				SDKROOT = watchos;
				SKIP_INSTALL = YES;
				SWIFT_VERSION = 3.0;
				TARGETED_DEVICE_FAMILY = 4;
				WATCHOS_DEPLOYMENT_TARGET = 3.0;
			};
			name = Debug;
		};
		F71375E51D83805600C74A8C /* Release */ = {
			isa = XCBuildConfiguration;
			buildSettings = {
				ASSETCATALOG_COMPILER_COMPLICATION_NAME = Complication;
				DEVELOPMENT_TEAM = Y24U4BPF65;
				INFOPLIST_FILE = "AppLaunching WatchKit Extension/Info.plist";
				LD_RUNPATH_SEARCH_PATHS = "$(inherited) @executable_path/Frameworks @executable_path/../../Frameworks";
				PRODUCT_BUNDLE_IDENTIFIER = LC.AppLaunching.watchkitapp.watchkitextension;
				PRODUCT_NAME = "${TARGET_NAME}";
				SDKROOT = watchos;
				SKIP_INSTALL = YES;
				SWIFT_VERSION = 3.0;
				TARGETED_DEVICE_FAMILY = 4;
				WATCHOS_DEPLOYMENT_TARGET = 3.0;
			};
			name = Release;
		};
		F71375E81D83805600C74A8C /* Debug */ = {
			isa = XCBuildConfiguration;
			buildSettings = {
				ALWAYS_EMBED_SWIFT_STANDARD_LIBRARIES = YES;
				ASSETCATALOG_COMPILER_APPICON_NAME = AppIcon;
				DEVELOPMENT_TEAM = Y24U4BPF65;
				IBSC_MODULE = AppLaunching_WatchKit_Extension;
				INFOPLIST_FILE = "AppLaunching WatchKit App/Info.plist";
				PRODUCT_BUNDLE_IDENTIFIER = LC.AppLaunching.watchkitapp;
				PRODUCT_NAME = "$(TARGET_NAME)";
				SDKROOT = watchos;
				SKIP_INSTALL = YES;
				SWIFT_VERSION = 3.0;
				TARGETED_DEVICE_FAMILY = 4;
				WATCHOS_DEPLOYMENT_TARGET = 3.0;
			};
			name = Debug;
		};
		F71375E91D83805600C74A8C /* Release */ = {
			isa = XCBuildConfiguration;
			buildSettings = {
				ALWAYS_EMBED_SWIFT_STANDARD_LIBRARIES = YES;
				ASSETCATALOG_COMPILER_APPICON_NAME = AppIcon;
				DEVELOPMENT_TEAM = Y24U4BPF65;
				IBSC_MODULE = AppLaunching_WatchKit_Extension;
				INFOPLIST_FILE = "AppLaunching WatchKit App/Info.plist";
				PRODUCT_BUNDLE_IDENTIFIER = LC.AppLaunching.watchkitapp;
				PRODUCT_NAME = "$(TARGET_NAME)";
				SDKROOT = watchos;
				SKIP_INSTALL = YES;
				SWIFT_VERSION = 3.0;
				TARGETED_DEVICE_FAMILY = 4;
				WATCHOS_DEPLOYMENT_TARGET = 3.0;
			};
			name = Release;
		};
		F71375EC1D83805600C74A8C /* Debug */ = {
			isa = XCBuildConfiguration;
			buildSettings = {
				ASSETCATALOG_COMPILER_APPICON_NAME = AppIcon;
				DEVELOPMENT_TEAM = Y24U4BPF65;
				INFOPLIST_FILE = AppLaunching/Info.plist;
				LD_RUNPATH_SEARCH_PATHS = "$(inherited) @executable_path/Frameworks";
				PRODUCT_BUNDLE_IDENTIFIER = LC.AppLaunching;
				PRODUCT_NAME = "$(TARGET_NAME)";
				SWIFT_VERSION = 3.0;
			};
			name = Debug;
		};
		F71375ED1D83805600C74A8C /* Release */ = {
			isa = XCBuildConfiguration;
			buildSettings = {
				ASSETCATALOG_COMPILER_APPICON_NAME = AppIcon;
				DEVELOPMENT_TEAM = Y24U4BPF65;
				INFOPLIST_FILE = AppLaunching/Info.plist;
				LD_RUNPATH_SEARCH_PATHS = "$(inherited) @executable_path/Frameworks";
				PRODUCT_BUNDLE_IDENTIFIER = LC.AppLaunching;
				PRODUCT_NAME = "$(TARGET_NAME)";
				SWIFT_VERSION = 3.0;
			};
			name = Release;
		};
/* End XCBuildConfiguration section */

/* Begin XCConfigurationList section */
		F71375AB1D83805600C74A8C /* Build configuration list for PBXProject "AppLaunching" */ = {
			isa = XCConfigurationList;
			buildConfigurations = (
				F71375E11D83805600C74A8C /* Debug */,
				F71375E21D83805600C74A8C /* Release */,
			);
			defaultConfigurationIsVisible = 0;
			defaultConfigurationName = Release;
		};
		F71375E31D83805600C74A8C /* Build configuration list for PBXNativeTarget "AppLaunching WatchKit Extension" */ = {
			isa = XCConfigurationList;
			buildConfigurations = (
				F71375E41D83805600C74A8C /* Debug */,
				F71375E51D83805600C74A8C /* Release */,
			);
			defaultConfigurationIsVisible = 0;
		};
		F71375E71D83805600C74A8C /* Build configuration list for PBXNativeTarget "AppLaunching WatchKit App" */ = {
			isa = XCConfigurationList;
			buildConfigurations = (
				F71375E81D83805600C74A8C /* Debug */,
				F71375E91D83805600C74A8C /* Release */,
			);
			defaultConfigurationIsVisible = 0;
		};
		F71375EB1D83805600C74A8C /* Build configuration list for PBXNativeTarget "AppLaunching" */ = {
			isa = XCConfigurationList;
			buildConfigurations = (
				F71375EC1D83805600C74A8C /* Debug */,
				F71375ED1D83805600C74A8C /* Release */,
			);
			defaultConfigurationIsVisible = 0;
		};
/* End XCConfigurationList section */
	};
	rootObject = F71375A81D83805600C74A8C /* Project object */;
}
